
Microsoft Visual Studio Solution File, Format Version 12.00
# Visual Studio Version 17
VisualStudioVersion = 17.10.35004.147
MinimumVisualStudioVersion = 10.0.40219.1
Project("{FAE04EC0-301F-11D3-BF4B-00C04F79EFBC}") = "WebApiExample", "WebApiExample.csproj", "{AFEE1414-B183-4A8F-A71A-FCB28F260571}"
EndProject
Global
	GlobalSection(SolutionConfigurationPlatforms) = preSolution
		Debug|Any CPU = Debug|Any CPU
		Release|Any CPU = Release|Any CPU
	EndGlobalSection
	GlobalSection(ProjectConfigurationPlatforms) = postSolution
		{AFEE1414-B183-4A8F-A71A-FCB28F260571}.Debug|Any CPU.ActiveCfg = Debug|Any CPU
		{AFEE1414-B183-4A8F-A71A-FCB28F260571}.Debug|Any CPU.Build.0 = Debug|Any CPU
		{AFEE1414-B183-4A8F-A71A-FCB28F260571}.Release|Any CPU.ActiveCfg = Release|Any CPU
		{AFEE1414-B183-4A8F-A71A-FCB28F260571}.Release|Any CPU.Build.0 = Release|Any CPU
	EndGlobalSection
	GlobalSection(SolutionProperties) = preSolution
		HideSolutionNode = FALSE
	EndGlobalSection
	GlobalSection(ExtensibilityGlobals) = postSolution
		SolutionGuid = {AD28683D-747B-4DE1-84B5-A1ECC749F416}
	EndGlobalSection
EndGlobal
